
Microsoft Visual Studio Solution File, Format Version 12.00
# Visual Studio Version 16
VisualStudioVersion = 16.0.29920.165
MinimumVisualStudioVersion = 10.0.40219.1
Project("{9A19103F-16F7-4668-BE54-9A1E7A4F7556}") = "DatingApp.API", "DatingApp.API.csproj", "{76C7985A-88BA-4D63-837E-C63EA61B2FC8}"
EndProject
Global
	GlobalSection(SolutionConfigurationPlatforms) = preSolution
		Debug|Any CPU = Debug|Any CPU
		Release|Any CPU = Release|Any CPU
	EndGlobalSection
	GlobalSection(ProjectConfigurationPlatforms) = postSolution
		{76C7985A-88BA-4D63-837E-C63EA61B2FC8}.Debug|Any CPU.ActiveCfg = Debug|Any CPU
		{76C7985A-88BA-4D63-837E-C63EA61B2FC8}.Debug|Any CPU.Build.0 = Debug|Any CPU
		{76C7985A-88BA-4D63-837E-C63EA61B2FC8}.Release|Any CPU.ActiveCfg = Release|Any CPU
		{76C7985A-88BA-4D63-837E-C63EA61B2FC8}.Release|Any CPU.Build.0 = Release|Any CPU
	EndGlobalSection
	GlobalSection(SolutionProperties) = preSolution
		HideSolutionNode = FALSE
	EndGlobalSection
	GlobalSection(ExtensibilityGlobals) = postSolution
		SolutionGuid = {6FF1FAA3-6729-4DB9-9198-AA21864D843C}
	EndGlobalSection
EndGlobal
